Microsoft Visual Studio Solution File, Format Version 11.00
# Visual Studio 2008

Project("{2EAC5F4B-0C8C-642C-74CC-3AEEA6F1EA78}") = "BattleModule", "Assembly-CSharp.csproj", "{B4B1E675-B34D-84D4-8D5C-433DD1D5BCBE}"
EndProject
Project("{2EAC5F4B-0C8C-642C-74CC-3AEEA6F1EA78}") = "BattleModule", "Assembly-CSharp-Editor.csproj", "{F78E2DA0-1AB2-29C7-4ADF-6641BF86718E}"
EndProject
Project("{2EAC5F4B-0C8C-642C-74CC-3AEEA6F1EA78}") = "BattleModule", "Assembly-UnityScript.unityproj", "{303FC4B2-4F1A-FCB7-5815-22D090ACE60C}"
EndProject
Global
	GlobalSection(SolutionConfigurationPlatforms) = preSolution
		Debug|Any CPU = Debug|Any CPU
		Release|Any CPU = Release|Any CPU
	EndGlobalSection
	GlobalSection(ProjectConfigurationPlatforms) = postSolution
		{B4B1E675-B34D-84D4-8D5C-433DD1D5BCBE}.Debug|Any CPU.ActiveCfg = Debug|Any CPU
		{B4B1E675-B34D-84D4-8D5C-433DD1D5BCBE}.Debug|Any CPU.Build.0 = Debug|Any CPU
		{B4B1E675-B34D-84D4-8D5C-433DD1D5BCBE}.Release|Any CPU.ActiveCfg = Release|Any CPU
		{B4B1E675-B34D-84D4-8D5C-433DD1D5BCBE}.Release|Any CPU.Build.0 = Release|Any CPU
		{F78E2DA0-1AB2-29C7-4ADF-6641BF86718E}.Debug|Any CPU.ActiveCfg = Debug|Any CPU
		{F78E2DA0-1AB2-29C7-4ADF-6641BF86718E}.Debug|Any CPU.Build.0 = Debug|Any CPU
		{F78E2DA0-1AB2-29C7-4ADF-6641BF86718E}.Release|Any CPU.ActiveCfg = Release|Any CPU
		{F78E2DA0-1AB2-29C7-4ADF-6641BF86718E}.Release|Any CPU.Build.0 = Release|Any CPU
		{303FC4B2-4F1A-FCB7-5815-22D090ACE60C}.Debug|Any CPU.ActiveCfg = Debug|Any CPU
		{303FC4B2-4F1A-FCB7-5815-22D090ACE60C}.Debug|Any CPU.Build.0 = Debug|Any CPU
		{303FC4B2-4F1A-FCB7-5815-22D090ACE60C}.Release|Any CPU.ActiveCfg = Release|Any CPU
		{303FC4B2-4F1A-FCB7-5815-22D090ACE60C}.Release|Any CPU.Build.0 = Release|Any CPU
	EndGlobalSection
	GlobalSection(SolutionProperties) = preSolution
		HideSolutionNode = FALSE
	EndGlobalSection
																																																																														GlobalSection(MonoDevelopProperties) = preSolution
		StartupItem = Assembly-CSharp.csproj
		Policies = $0
		$0.TextStylePolicy = $1
		$1.inheritsSet = null
		$1.scope = text/x-csharp
		$0.CSharpFormattingPolicy = $2
		$2.inheritsSet = Mono
		$2.inheritsScope = text/x-csharp
		$2.scope = text/x-csharp
		$0.TextStylePolicy = $3
		$3.FileWidth = 120
		$3.TabWidth = 4
		$3.EolMarker = Unix
		$3.inheritsSet = Mono
		$3.inheritsScope = text/plain
		$3.scope = text/plain
	EndGlobalSection

EndGlobal
